Microsoft Visual Studio Solution File, Format Version 12.00
# Visual Studio Version 17
VisualStudioVersion = 17.0.31903.59
MinimumVisualStudioVersion = 10.0.40219.1
Project("{FAE04EC0-301F-11D3-BF4B-00C04F79EFBC}") = "PackagingInspectionTools.Core", "src\PackagingInspectionTools.Core\PackagingInspectionTools.Core.csproj", "{B7C736E1-9951-4EAF-9F86-6B8010E7C8A9}"
EndProject
Project("{FAE04EC0-301F-11D3-BF4B-00C04F79EFBC}") = "PackagingInspectionTools.UI", "src\PackagingInspectionTools.UI\PackagingInspectionTools.UI.csproj", "{5F8E261C-C2E5-44E9-9182-46886F402065}"
EndProject
Global
	GlobalSection(SolutionConfigurationPlatforms) = preSolution
		Debug|Any CPU = Debug|Any CPU
		Debug|x64 = Debug|x64
		Release|Any CPU = Release|Any CPU
		Release|x64 = Release|x64
	EndGlobalSection
	GlobalSection(ProjectConfigurationPlatforms) = postSolution
		{B7C736E1-9951-4EAF-9F86-6B8010E7C8A9}.Debug|Any CPU.ActiveCfg = Debug|Any CPU
		{B7C736E1-9951-4EAF-9F86-6B8010E7C8A9}.Debug|Any CPU.Build.0 = Debug|Any CPU
		{B7C736E1-9951-4EAF-9F86-6B8010E7C8A9}.Debug|x64.ActiveCfg = Debug|x64
		{B7C736E1-9951-4EAF-9F86-6B8010E7C8A9}.Debug|x64.Build.0 = Debug|x64
		{B7C736E1-9951-4EAF-9F86-6B8010E7C8A9}.Release|Any CPU.ActiveCfg = Release|Any CPU
		{B7C736E1-9951-4EAF-9F86-6B8010E7C8A9}.Release|Any CPU.Build.0 = Release|Any CPU
		{B7C736E1-9951-4EAF-9F86-6B8010E7C8A9}.Release|x64.ActiveCfg = Release|x64
		{B7C736E1-9951-4EAF-9F86-6B8010E7C8A9}.Release|x64.Build.0 = Release|x64
		{5F8E261C-C2E5-44E9-9182-46886F402065}.Debug|Any CPU.ActiveCfg = Debug|Any CPU
		{5F8E261C-C2E5-44E9-9182-46886F402065}.Debug|Any CPU.Build.0 = Debug|Any CPU
		{5F8E261C-C2E5-44E9-9182-46886F402065}.Debug|x64.ActiveCfg = Debug|x64
		{5F8E261C-C2E5-44E9-9182-46886F402065}.Debug|x64.Build.0 = Debug|x64
		{5F8E261C-C2E5-44E9-9182-46886F402065}.Release|Any CPU.ActiveCfg = Release|Any CPU
		{5F8E261C-C2E5-44E9-9182-46886F402065}.Release|Any CPU.Build.0 = Release|Any CPU
		{5F8E261C-C2E5-44E9-9182-46886F402065}.Release|x64.ActiveCfg = Release|x64
		{5F8E261C-C2E5-44E9-9182-46886F402065}.Release|x64.Build.0 = Release|x64
	EndGlobalSection
	GlobalSection(SolutionProperties) = preSolution
		HideSolutionNode = FALSE
	EndGlobalSection
EndGlobal
